
Microsoft Visual Studio Solution File, Format Version 12.00
# Visual Studio 15
VisualStudioVersion = 15.0.28307.779
MinimumVisualStudioVersion = 10.0.40219.1
Project("{FAE04EC0-301F-11D3-BF4B-00C04F79EFBC}") = "PDFBulkPrinter", "PDFBulkPrinter\PDFBulkPrinter.csproj", "{05E09343-0879-4D60-862D-D27AC4B816D0}"
EndProject
Global
	GlobalSection(SolutionConfigurationPlatforms) = preSolution
		Debug|Any CPU = Debug|Any CPU
		Release|Any CPU = Release|Any CPU
	EndGlobalSection
	GlobalSection(ProjectConfigurationPlatforms) = postSolution
		{05E09343-0879-4D60-862D-D27AC4B816D0}.Debug|Any CPU.ActiveCfg = Debug|Any CPU
		{05E09343-0879-4D60-862D-D27AC4B816D0}.Debug|Any CPU.Build.0 = Debug|Any CPU
		{05E09343-0879-4D60-862D-D27AC4B816D0}.Release|Any CPU.ActiveCfg = Release|Any CPU
		{05E09343-0879-4D60-862D-D27AC4B816D0}.Release|Any CPU.Build.0 = Release|Any CPU
	EndGlobalSection
	GlobalSection(SolutionProperties) = preSolution
		HideSolutionNode = FALSE
	EndGlobalSection
	GlobalSection(ExtensibilityGlobals) = postSolution
		SolutionGuid = {49F179CC-DDE7-4859-A45F-76D58C03B080}
	EndGlobalSection
EndGlobal
